# This file is autogenerated, do not edit; changes may be undone by the next 'dep ensure'.


[[projects]]
  branch = "master"
  digest = "1:85e83be71e9404f2eedf29bc71775f7bd6da8ffcae26267f99a2d59ea55cca58"
  name = "github.com/bitrise-io/appcenter"
  packages = ["."]
  pruneopts = "UT"
  revision = "c03f9557ac55d13f416a411334fd9ca7b196234f"

[[projects]]
  branch = "master"
  digest = "1:89562e1ecde606efbc12f60b41582279cccea8f4d39b31290e2d64bd1f08ee29"
  name = "github.com/bitrise-io/go-steputils"
  packages = [
    "stepconf",
    "tools",
  ]
  pruneopts = "UT"
  revision = "3c98d95a94d51624a26e99419d0fc03d2aab0055"

[[projects]]
  branch = "master"
  digest = "1:0c8282cb84562f0119ecabf1841a5a63c4ee815178bc2f1ae678e49b27551a25"
  name = "github.com/bitrise-io/go-utils"
  packages = [
    "colorstring",
    "command",
    "errorutil",
    "log",
    "parseutil",
    "pathutil",
    "pointers",
  ]
  pruneopts = "UT"
  revision = "5067a2a682f21030f379f88e853b9e0734a24516"

[solve-meta]
  analyzer-name = "dep"
  analyzer-version = 1
  input-imports = [
    "github.com/bitrise-io/appcenter",
    "github.com/bitrise-io/go-steputils/stepconf",
    "github.com/bitrise-io/go-steputils/tools",
    "github.com/bitrise-io/go-utils/log",
  ]
  solver-name = "gps-cdcl"
  solver-version = 1
