# This file is autogenerated, do not edit; changes may be undone by the next 'dep ensure'.


[[projects]]
  branch = "dev"
  digest = "1:d53ef86754c0fac83cc83124bf80d7faf0d151809d05ac15b8da88bdf5403f3b"
  name = "github.com/bitrise-io/appcenter"
  packages = ["."]
  pruneopts = "UT"
  revision = "18e09ac3a1d41011bbea4fc0f7e1fd7f2b3ac936"

[[projects]]
  branch = "master"
  digest = "1:65497df2301289c26765c4cf8fcd4709de190dd620ea822ae2dc67edfc598307"
  name = "github.com/bitrise-io/go-steputils"
  packages = ["stepconf"]
  pruneopts = "UT"
  revision = "3c98d95a94d51624a26e99419d0fc03d2aab0055"

[[projects]]
  branch = "master"
  digest = "1:cc12e8d1756854b6bd1a806e0e62f2e2ce1e275be1f1d67b5e80dc5321db5fba"
  name = "github.com/bitrise-io/go-utils"
  packages = [
    "colorstring",
    "log",
    "parseutil",
    "pointers",
  ]
  pruneopts = "UT"
  revision = "5067a2a682f21030f379f88e853b9e0734a24516"

[solve-meta]
  analyzer-name = "dep"
  analyzer-version = 1
  input-imports = [
    "github.com/bitrise-io/appcenter",
    "github.com/bitrise-io/go-steputils/stepconf",
    "github.com/bitrise-io/go-utils/log",
  ]
  solver-name = "gps-cdcl"
  solver-version = 1
